
Microsoft Visual Studio Solution File, Format Version 12.00
# Visual Studio Version 17
VisualStudioVersion = 17.8.34309.116
MinimumVisualStudioVersion = 10.0.40219.1
Project("{9A19103F-16F7-4668-BE54-9A1E7A4F7556}") = "MercuryChecker", "MercuryChecker.csproj", "{0150B8B6-5D98-4FBD-BAAD-3ECCC568B6B6}"
EndProject
Project("{2150E333-8FDC-42A3-9474-1A3956D46DE8}") = "Solution Items", "Solution Items", "{22EE9B8A-9AD2-4885-8BE1-0AE113DC5055}"
	ProjectSection(SolutionItems) = preProject
		.editorconfig = .editorconfig
	EndProjectSection
EndProject
Global
	GlobalSection(SolutionConfigurationPlatforms) = preSolution
		Debug|Any CPU = Debug|Any CPU
		Release|Any CPU = Release|Any CPU
	EndGlobalSection
	GlobalSection(ProjectConfigurationPlatforms) = postSolution
		{0150B8B6-5D98-4FBD-BAAD-3ECCC568B6B6}.Debug|Any CPU.ActiveCfg = Debug|Any CPU
		{0150B8B6-5D98-4FBD-BAAD-3ECCC568B6B6}.Debug|Any CPU.Build.0 = Debug|Any CPU
		{0150B8B6-5D98-4FBD-BAAD-3ECCC568B6B6}.Release|Any CPU.ActiveCfg = Release|Any CPU
		{0150B8B6-5D98-4FBD-BAAD-3ECCC568B6B6}.Release|Any CPU.Build.0 = Release|Any CPU
	EndGlobalSection
	GlobalSection(SolutionProperties) = preSolution
		HideSolutionNode = FALSE
	EndGlobalSection
	GlobalSection(ExtensibilityGlobals) = postSolution
		SolutionGuid = {97577F56-92FA-45A1-8572-054EA32E2ADC}
	EndGlobalSection
EndGlobal
